// !$*UTF8*$!
{
	archiveVersion = 1;
	classes = {
	};
	objectVersion = 50;
	objects = {

/* Begin PBXBuildFile section */
		0B1B342C2121E023005EE8DB /* AppDelegate.swift in Sources */ = {isa = PBXBuildFile; fileRef = 0B1B342B2121E023005EE8DB /* AppDelegate.swift */; };
		0B1B342E2121E023005EE8DB /* ViewController.swift in Sources */ = {isa = PBXBuildFile; fileRef = 0B1B342D2121E023005EE8DB /* ViewController.swift */; };
		0B1B34312121E023005EE8DB /* Main.storyboard in Resources */ = {isa = PBXBuildFile; fileRef = 0B1B342F2121E023005EE8DB /* Main.storyboard */; };
		0B1B34332121E025005EE8DB /* Assets.xcassets in Resources */ = {isa = PBXBuildFile; fileRef = 0B1B34322121E025005EE8DB /* Assets.xcassets */; };
		0B1B34362121E025005EE8DB /* LaunchScreen.storyboard in Resources */ = {isa = PBXBuildFile; fileRef = 0B1B34342121E025005EE8DB /* LaunchScreen.storyboard */; };
		0B1B34402121E23A005EE8DB /* Second ViewController.swift in Sources */ = {isa = PBXBuildFile; fileRef = 0B1B343F2121E23A005EE8DB /* Second ViewController.swift */; };
/* End PBXBuildFile section */

/* Begin PBXFileReference section */
		0B1B34282121E023005EE8DB /* TesttingProtocols.app */ = {isa = PBXFileReference; explicitFileType = wrapper.application; includeInIndex = 0; path = TesttingProtocols.app; sourceTree = BUILT_PRODUCTS_DIR; };
		0B1B342B2121E023005EE8DB /* AppDelegate.swift */ = {isa = PBXFileReference; lastKnownFileType = sourcecode.swift; path = AppDelegate.swift; sourceTree = "<group>"; };
		0B1B342D2121E023005EE8DB /* ViewController.swift */ = {isa = PBXFileReference; lastKnownFileType = sourcecode.swift; path = ViewController.swift; sourceTree = "<group>"; };
		0B1B34302121E023005EE8DB /* Base */ = {isa = PBXFileReference; lastKnownFileType = file.storyboard; name = Base; path = Base.lproj/Main.storyboard; sourceTree = "<group>"; };
		0B1B34322121E025005EE8DB /* Assets.xcassets */ = {isa = PBXFileReference; lastKnownFileType = folder.assetcatalog; path = Assets.xcassets; sourceTree = "<group>"; };
		0B1B34352121E025005EE8DB /* Base */ = {isa = PBXFileReference; lastKnownFileType = file.storyboard; name = Base; path = Base.lproj/LaunchScreen.storyboard; sourceTree = "<group>"; };
		0B1B34372121E025005EE8DB /* Info.plist */ = {isa = PBXFileReference; lastKnownFileType = text.plist.xml; path = Info.plist; sourceTree = "<group>"; };
		0B1B343F2121E23A005EE8DB /* Second ViewController.swift */ = {isa = PBXFileReference; lastKnownFileType = sourcecode.swift; path = "Second ViewController.swift"; sourceTree = "<group>"; };
/* End PBXFileReference section */

/* Begin PBXFrameworksBuildPhase section */
		0B1B34252121E023005EE8DB /* Frameworks */ = {
			isa = PBXFrameworksBuildPhase;
			buildActionMask = 2147483647;
			files = (
			);
			runOnlyForDeploymentPostprocessing = 0;
		};
/* End PBXFrameworksBuildPhase section */

/* Begin PBXGroup section */
		0B1B341F2121E023005EE8DB = {
			isa = PBXGroup;
			children = (
				0B1B342A2121E023005EE8DB /* TesttingProtocols */,
				0B1B34292121E023005EE8DB /* Products */,
			);
			sourceTree = "<group>";
		};
		0B1B34292121E023005EE8DB /* Products */ = {
			isa = PBXGroup;
			children = (
				0B1B34282121E023005EE8DB /* TesttingProtocols.app */,
			);
			name = Products;
			sourceTree = "<group>";
		};
		0B1B342A2121E023005EE8DB /* TesttingProtocols */ = {
			isa = PBXGroup;
			children = (
				0B1B342B2121E023005EE8DB /* AppDelegate.swift */,
				0B1B342D2121E023005EE8DB /* ViewController.swift */,
				0B1B343F2121E23A005EE8DB /* Second ViewController.swift */,
				0B1B342F2121E023005EE8DB /* Main.storyboard */,
				0B1B34322121E025005EE8DB /* Assets.xcassets */,
				0B1B34342121E025005EE8DB /* LaunchScreen.storyboard */,
				0B1B34372121E025005EE8DB /* Info.plist */,
			);
			path = TesttingProtocols;
			sourceTree = "<group>";
		};
/* End PBXGroup section */

/* Begin PBXNativeTarget section */
		0B1B34272121E023005EE8DB /* TesttingProtocols */ = {
			isa = PBXNativeTarget;
			buildConfigurationList = 0B1B343A2121E025005EE8DB /* Build configuration list for PBXNativeTarget "TesttingProtocols" */;
			buildPhases = (
				0B1B34242121E023005EE8DB /* Sources */,
				0B1B34252121E023005EE8DB /* Frameworks */,
				0B1B34262121E023005EE8DB /* Resources */,
			);
			buildRules = (
			);
			dependencies = (
			);
			name = TesttingProtocols;
			productName = TesttingProtocols;
			productReference = 0B1B34282121E023005EE8DB /* TesttingProtocols.app */;
			productType = "com.apple.product-type.application";
		};
/* End PBXNativeTarget section */

/* Begin PBXProject section */
		0B1B34202121E023005EE8DB /* Project object */ = {
			isa = PBXProject;
			attributes = {
				LastSwiftUpdateCheck = 0940;
				LastUpgradeCheck = 0940;
				ORGANIZATIONNAME = "Petre Vane";
				TargetAttributes = {
					0B1B34272121E023005EE8DB = {
						CreatedOnToolsVersion = 9.4.1;
					};
				};
			};
			buildConfigurationList = 0B1B34232121E023005EE8DB /* Build configuration list for PBXProject "TesttingProtocols" */;
			compatibilityVersion = "Xcode 9.3";
			developmentRegion = en;
			hasScannedForEncodings = 0;
			knownRegions = (
				en,
				Base,
			);
			mainGroup = 0B1B341F2121E023005EE8DB;
			productRefGroup = 0B1B34292121E023005EE8DB /* Products */;
			projectDirPath = "";
			projectRoot = "";
			targets = (
				0B1B34272121E023005EE8DB /* TesttingProtocols */,
			);
		};
/* End PBXProject section */

/* Begin PBXResourcesBuildPhase section */
		0B1B34262121E023005EE8DB /* Resources */ = {
			isa = PBXResourcesBuildPhase;
			buildActionMask = 2147483647;
			files = (
				0B1B34362121E025005EE8DB /* LaunchScreen.storyboard in Resources */,
				0B1B34332121E025005EE8DB /* Assets.xcassets in Resources */,
				0B1B34312121E023005EE8DB /* Main.storyboard in Resources */,
			);
			runOnlyForDeploymentPostprocessing = 0;
		};
/* End PBXResourcesBuildPhase section */

/* Begin PBXSourcesBuildPhase section */
		0B1B34242121E023005EE8DB /* Sources */ = {
			isa = PBXSourcesBuildPhase;
			buildActionMask = 2147483647;
			files = (
				0B1B342E2121E023005EE8DB /* ViewController.swift in Sources */,
				0B1B34402121E23A005EE8DB /* Second ViewController.swift in Sources */,
				0B1B342C2121E023005EE8DB /* AppDelegate.swift in Sources */,
			);
			runOnlyForDeploymentPostprocessing = 0;
		};
/* End PBXSourcesBuildPhase section */

/* Begin PBXVariantGroup section */
		0B1B342F2121E023005EE8DB /* Main.storyboard */ = {
			isa = PBXVariantGroup;
			children = (
				0B1B34302121E023005EE8DB /* Base */,
			);
			name = Main.storyboard;
			sourceTree = "<group>";
		};
		0B1B34342121E025005EE8DB /* LaunchScreen.storyboard */ = {
			isa = PBXVariantGroup;
			children = (
				0B1B34352121E025005EE8DB /* Base */,
			);
			name = LaunchScreen.storyboard;
			sourceTree = "<group>";
		};
/* End PBXVariantGroup section */

/* Begin XCBuildConfiguration section */
		0B1B34382121E025005EE8DB /* Debug */ = {
			isa = XCBuildConfiguration;
			buildSettings = {
				ALWAYS_SEARCH_USER_PATHS = NO;
				CLANG_ANALYZER_NONNULL = YES;
				CLANG_ANALYZER_NUMBER_OBJECT_CONVERSION = YES_AGGRESSIVE;
				CLANG_CXX_LANGUAGE_STANDARD = "gnu++14";
				CLANG_CXX_LIBRARY = "libc++";
				CLANG_ENABLE_MODULES = YES;
				CLANG_ENABLE_OBJC_ARC = YES;
				CLANG_ENABLE_OBJC_WEAK = YES;
				CLANG_WARN_BLOCK_CAPTURE_AUTORELEASING = YES;
				CLANG_WARN_BOOL_CONVERSION = YES;
				CLANG_WARN_COMMA = YES;
				CLANG_WARN_CONSTANT_CONVERSION = YES;
				CLANG_WARN_DEPRECATED_OBJC_IMPLEMENTATIONS = YES;
				CLANG_WARN_DIRECT_OBJC_ISA_USAGE = YES_ERROR;
				CLANG_WARN_DOCUMENTATION_COMMENTS = YES;
				CLANG_WARN_EMPTY_BODY = YES;
				CLANG_WARN_ENUM_CONVERSION = YES;
				CLANG_WARN_INFINITE_RECURSION = YES;
				CLANG_WARN_INT_CONVERSION = YES;
				CLANG_WARN_NON_LITERAL_NULL_CONVERSION = YES;
				CLANG_WARN_OBJC_IMPLICIT_RETAIN_SELF = YES;
				CLANG_WARN_OBJC_LITERAL_CONVERSION = YES;
				CLANG_WARN_OBJC_ROOT_CLASS = YES_ERROR;
				CLANG_WARN_RANGE_LOOP_ANALYSIS = YES;
				CLANG_WARN_STRICT_PROTOTYPES = YES;
				CLANG_WARN_SUSPICIOUS_MOVE = YES;
				CLANG_WARN_UNGUARDED_AVAILABILITY = YES_AGGRESSIVE;
				CLANG_WARN_UNREACHABLE_CODE = YES;
				CLANG_WARN__DUPLICATE_METHOD_MATCH = YES;
				CODE_SIGN_IDENTITY = "iPhone Developer";
				COPY_PHASE_STRIP = NO;
				DEBUG_INFORMATION_FORMAT = dwarf;
				ENABLE_STRICT_OBJC_MSGSEND = YES;
				ENABLE_TESTABILITY = YES;
				GCC_C_LANGUAGE_STANDARD = gnu11;
				GCC_DYNAMIC_NO_PIC = NO;
				GCC_NO_COMMON_BLOCKS = YES;
				GCC_OPTIMIZATION_LEVEL = 0;
				GCC_PREPROCESSOR_DEFINITIONS = (
					"DEBUG=1",
					"$(inherited)",
				);
				GCC_WARN_64_TO_32_BIT_CONVERSION = YES;
				GCC_WARN_ABOUT_RETURN_TYPE = YES_ERROR;
				GCC_WARN_UNDECLARED_SELECTOR = YES;
				GCC_WARN_UNINITIALIZED_AUTOS = YES_AGGRESSIVE;
				GCC_WARN_UNUSED_FUNCTION = YES;
				GCC_WARN_UNUSED_VARIABLE = YES;
				IPHONEOS_DEPLOYMENT_TARGET = 11.4;
				MTL_ENABLE_DEBUG_INFO = YES;
				ONLY_ACTIVE_ARCH = YES;
				SDKROOT = iphoneos;
				SWIFT_ACTIVE_COMPILATION_CONDITIONS = DEBUG;
				SWIFT_OPTIMIZATION_LEVEL = "-Onone";
			};
			name = Debug;
		};
		0B1B34392121E025005EE8DB /* Release */ = {
			isa = XCBuildConfiguration;
			buildSettings = {
				ALWAYS_SEARCH_USER_PATHS = NO;
				CLANG_ANALYZER_NONNULL = YES;
				CLANG_ANALYZER_NUMBER_OBJECT_CONVERSION = YES_AGGRESSIVE;
				CLANG_CXX_LANGUAGE_STANDARD = "gnu++14";
				CLANG_CXX_LIBRARY = "libc++";
				CLANG_ENABLE_MODULES = YES;
				CLANG_ENABLE_OBJC_ARC = YES;
				CLANG_ENABLE_OBJC_WEAK = YES;
				CLANG_WARN_BLOCK_CAPTURE_AUTORELEASING = YES;
				CLANG_WARN_BOOL_CONVERSION = YES;
				CLANG_WARN_COMMA = YES;
				CLANG_WARN_CONSTANT_CONVERSION = YES;
				CLANG_WARN_DEPRECATED_OBJC_IMPLEMENTATIONS = YES;
				CLANG_WARN_DIRECT_OBJC_ISA_USAGE = YES_ERROR;
				CLANG_WARN_DOCUMENTATION_COMMENTS = YES;
				CLANG_WARN_EMPTY_BODY = YES;
				CLANG_WARN_ENUM_CONVERSION = YES;
				CLANG_WARN_INFINITE_RECURSION = YES;
				CLANG_WARN_INT_CONVERSION = YES;
				CLANG_WARN_NON_LITERAL_NULL_CONVERSION = YES;
				CLANG_WARN_OBJC_IMPLICIT_RETAIN_SELF = YES;
				CLANG_WARN_OBJC_LITERAL_CONVERSION = YES;
				CLANG_WARN_OBJC_ROOT_CLASS = YES_ERROR;
				CLANG_WARN_RANGE_LOOP_ANALYSIS = YES;
				CLANG_WARN_STRICT_PROTOTYPES = YES;
				CLANG_WARN_SUSPICIOUS_MOVE = YES;
				CLANG_WARN_UNGUARDED_AVAILABILITY = YES_AGGRESSIVE;
				CLANG_WARN_UNREACHABLE_CODE = YES;
				CLANG_WARN__DUPLICATE_METHOD_MATCH = YES;
				CODE_SIGN_IDENTITY = "iPhone Developer";
				COPY_PHASE_STRIP = NO;
				DEBUG_INFORMATION_FORMAT = "dwarf-with-dsym";
				ENABLE_NS_ASSERTIONS = NO;
				ENABLE_STRICT_OBJC_MSGSEND = YES;
				GCC_C_LANGUAGE_STANDARD = gnu11;
				GCC_NO_COMMON_BLOCKS = YES;
				GCC_WARN_64_TO_32_BIT_CONVERSION = YES;
				GCC_WARN_ABOUT_RETURN_TYPE = YES_ERROR;
				GCC_WARN_UNDECLARED_SELECTOR = YES;
				GCC_WARN_UNINITIALIZED_AUTOS = YES_AGGRESSIVE;
				GCC_WARN_UNUSED_FUNCTION = YES;
				GCC_WARN_UNUSED_VARIABLE = YES;
				IPHONEOS_DEPLOYMENT_TARGET = 11.4;
				MTL_ENABLE_DEBUG_INFO = NO;
				SDKROOT = iphoneos;
				SWIFT_COMPILATION_MODE = wholemodule;
				SWIFT_OPTIMIZATION_LEVEL = "-O";
				VALIDATE_PRODUCT = YES;
			};
			name = Release;
		};
		0B1B343B2121E025005EE8DB /* Debug */ = {
			isa = XCBuildConfiguration;
			buildSettings = {
				ASSETCATALOG_COMPILER_APPICON_NAME = AppIcon;
				CODE_SIGN_STYLE = Automatic;
				DEVELOPMENT_TEAM = 9W3WH25P2R;
				INFOPLIST_FILE = TesttingProtocols/Info.plist;
				LD_RUNPATH_SEARCH_PATHS = (
					"$(inherited)",
					"@executable_path/Frameworks",
				);
				PRODUCT_BUNDLE_IDENTIFIER = com.TestingProtocols.TesttingProtocols;
				PRODUCT_NAME = "$(TARGET_NAME)";
				SWIFT_VERSION = 4.0;
				TARGETED_DEVICE_FAMILY = "1,2";
			};
			name = Debug;
		};
		0B1B343C2121E025005EE8DB /* Release */ = {
			isa = XCBuildConfiguration;
			buildSettings = {
				ASSETCATALOG_COMPILER_APPICON_NAME = AppIcon;
				CODE_SIGN_STYLE = Automatic;
				DEVELOPMENT_TEAM = 9W3WH25P2R;
				INFOPLIST_FILE = TesttingProtocols/Info.plist;
				LD_RUNPATH_SEARCH_PATHS = (
					"$(inherited)",
					"@executable_path/Frameworks",
				);
				PRODUCT_BUNDLE_IDENTIFIER = com.TestingProtocols.TesttingProtocols;
				PRODUCT_NAME = "$(TARGET_NAME)";
				SWIFT_VERSION = 4.0;
				TARGETED_DEVICE_FAMILY = "1,2";
			};
			name = Release;
		};
/* End XCBuildConfiguration section */

/* Begin XCConfigurationList section */
		0B1B34232121E023005EE8DB /* Build configuration list for PBXProject "TesttingProtocols" */ = {
			isa = XCConfigurationList;
			buildConfigurations = (
				0B1B34382121E025005EE8DB /* Debug */,
				0B1B34392121E025005EE8DB /* Release */,
			);
			defaultConfigurationIsVisible = 0;
			defaultConfigurationName = Release;
		};
		0B1B343A2121E025005EE8DB /* Build configuration list for PBXNativeTarget "TesttingProtocols" */ = {
			isa = XCConfigurationList;
			buildConfigurations = (
				0B1B343B2121E025005EE8DB /* Debug */,
				0B1B343C2121E025005EE8DB /* Release */,
			);
			defaultConfigurationIsVisible = 0;
			defaultConfigurationName = Release;
		};
/* End XCConfigurationList section */
	};
	rootObject = 0B1B34202121E023005EE8DB /* Project object */;
}
