// !$*UTF8*$!
{
	archiveVersion = 1;
	classes = {
	};
	objectVersion = 50;
	objects = {

/* Begin PBXBuildFile section */
		0B52136E21458154002CD18C /* Assets.xcassets in Resources */ = {isa = PBXBuildFile; fileRef = 0B52136D21458154002CD18C /* Assets.xcassets */; };
		0B52137521458154002CD18C /* iMessageTest MessagesExtension.appex in Embed App Extensions */ = {isa = PBXBuildFile; fileRef = 0B52137421458154002CD18C /* iMessageTest MessagesExtension.appex */; settings = {ATTRIBUTES = (RemoveHeadersOnCopy, ); }; };
		0B52137A21458154002CD18C /* Messages.framework in Frameworks */ = {isa = PBXBuildFile; fileRef = 0B52137921458154002CD18C /* Messages.framework */; };
		0B52137D21458154002CD18C /* MessagesViewController.swift in Sources */ = {isa = PBXBuildFile; fileRef = 0B52137C21458154002CD18C /* MessagesViewController.swift */; };
		0B52138021458154002CD18C /* MainInterface.storyboard in Resources */ = {isa = PBXBuildFile; fileRef = 0B52137E21458154002CD18C /* MainInterface.storyboard */; };
		0B52138221458155002CD18C /* Assets.xcassets in Resources */ = {isa = PBXBuildFile; fileRef = 0B52138121458155002CD18C /* Assets.xcassets */; };
/* End PBXBuildFile section */

/* Begin PBXContainerItemProxy section */
		0B52137621458154002CD18C /* PBXContainerItemProxy */ = {
			isa = PBXContainerItemProxy;
			containerPortal = 0B52136421458151002CD18C /* Project object */;
			proxyType = 1;
			remoteGlobalIDString = 0B52137321458154002CD18C;
			remoteInfo = "iMessageTest MessagesExtension";
		};
/* End PBXContainerItemProxy section */

/* Begin PBXCopyFilesBuildPhase section */
		0B52138921458155002CD18C /* Embed App Extensions */ = {
			isa = PBXCopyFilesBuildPhase;
			buildActionMask = 2147483647;
			dstPath = "";
			dstSubfolderSpec = 13;
			files = (
				0B52137521458154002CD18C /* iMessageTest MessagesExtension.appex in Embed App Extensions */,
			);
			name = "Embed App Extensions";
			runOnlyForDeploymentPostprocessing = 0;
		};
/* End PBXCopyFilesBuildPhase section */

/* Begin PBXFileReference section */
		0B52136A21458152002CD18C /* iMessageTest.app */ = {isa = PBXFileReference; explicitFileType = wrapper.application; includeInIndex = 0; path = iMessageTest.app; sourceTree = BUILT_PRODUCTS_DIR; };
		0B52136D21458154002CD18C /* Assets.xcassets */ = {isa = PBXFileReference; lastKnownFileType = folder.assetcatalog; path = Assets.xcassets; sourceTree = "<group>"; };
		0B52136F21458154002CD18C /* Info.plist */ = {isa = PBXFileReference; lastKnownFileType = text.plist.xml; path = Info.plist; sourceTree = "<group>"; };
		0B52137421458154002CD18C /* iMessageTest MessagesExtension.appex */ = {isa = PBXFileReference; explicitFileType = "wrapper.app-extension"; includeInIndex = 0; path = "iMessageTest MessagesExtension.appex"; sourceTree = BUILT_PRODUCTS_DIR; };
		0B52137921458154002CD18C /* Messages.framework */ = {isa = PBXFileReference; lastKnownFileType = wrapper.framework; name = Messages.framework; path = System/Library/Frameworks/Messages.framework; sourceTree = SDKROOT; };
		0B52137C21458154002CD18C /* MessagesViewController.swift */ = {isa = PBXFileReference; lastKnownFileType = sourcecode.swift; path = MessagesViewController.swift; sourceTree = "<group>"; };
		0B52137F21458154002CD18C /* Base */ = {isa = PBXFileReference; lastKnownFileType = file.storyboard; name = Base; path = Base.lproj/MainInterface.storyboard; sourceTree = "<group>"; };
		0B52138121458155002CD18C /* Assets.xcassets */ = {isa = PBXFileReference; lastKnownFileType = folder.assetcatalog; path = Assets.xcassets; sourceTree = "<group>"; };
		0B52138321458155002CD18C /* Info.plist */ = {isa = PBXFileReference; lastKnownFileType = text.plist.xml; path = Info.plist; sourceTree = "<group>"; };
/* End PBXFileReference section */

/* Begin PBXFrameworksBuildPhase section */
		0B52137121458154002CD18C /* Frameworks */ = {
			isa = PBXFrameworksBuildPhase;
			buildActionMask = 2147483647;
			files = (
				0B52137A21458154002CD18C /* Messages.framework in Frameworks */,
			);
			runOnlyForDeploymentPostprocessing = 0;
		};
/* End PBXFrameworksBuildPhase section */

/* Begin PBXGroup section */
		0B52136321458151002CD18C = {
			isa = PBXGroup;
			children = (
				0B52136C21458152002CD18C /* iMessageTest */,
				0B52137B21458154002CD18C /* iMessageTest MessagesExtension */,
				0B52137821458154002CD18C /* Frameworks */,
				0B52136B21458152002CD18C /* Products */,
			);
			sourceTree = "<group>";
		};
		0B52136B21458152002CD18C /* Products */ = {
			isa = PBXGroup;
			children = (
				0B52136A21458152002CD18C /* iMessageTest.app */,
				0B52137421458154002CD18C /* iMessageTest MessagesExtension.appex */,
			);
			name = Products;
			sourceTree = "<group>";
		};
		0B52136C21458152002CD18C /* iMessageTest */ = {
			isa = PBXGroup;
			children = (
				0B52136D21458154002CD18C /* Assets.xcassets */,
				0B52136F21458154002CD18C /* Info.plist */,
			);
			path = iMessageTest;
			sourceTree = "<group>";
		};
		0B52137821458154002CD18C /* Frameworks */ = {
			isa = PBXGroup;
			children = (
				0B52137921458154002CD18C /* Messages.framework */,
			);
			name = Frameworks;
			sourceTree = "<group>";
		};
		0B52137B21458154002CD18C /* iMessageTest MessagesExtension */ = {
			isa = PBXGroup;
			children = (
				0B52137C21458154002CD18C /* MessagesViewController.swift */,
				0B52137E21458154002CD18C /* MainInterface.storyboard */,
				0B52138121458155002CD18C /* Assets.xcassets */,
				0B52138321458155002CD18C /* Info.plist */,
			);
			path = "iMessageTest MessagesExtension";
			sourceTree = "<group>";
		};
/* End PBXGroup section */

/* Begin PBXNativeTarget section */
		0B52136921458152002CD18C /* iMessageTest */ = {
			isa = PBXNativeTarget;
			buildConfigurationList = 0B52138A21458155002CD18C /* Build configuration list for PBXNativeTarget "iMessageTest" */;
			buildPhases = (
				0B52136821458152002CD18C /* Resources */,
				0B52138921458155002CD18C /* Embed App Extensions */,
			);
			buildRules = (
			);
			dependencies = (
				0B52137721458154002CD18C /* PBXTargetDependency */,
			);
			name = iMessageTest;
			productName = iMessageTest;
			productReference = 0B52136A21458152002CD18C /* iMessageTest.app */;
			productType = "com.apple.product-type.application.messages";
		};
		0B52137321458154002CD18C /* iMessageTest MessagesExtension */ = {
			isa = PBXNativeTarget;
			buildConfigurationList = 0B52138621458155002CD18C /* Build configuration list for PBXNativeTarget "iMessageTest MessagesExtension" */;
			buildPhases = (
				0B52137021458154002CD18C /* Sources */,
				0B52137121458154002CD18C /* Frameworks */,
				0B52137221458154002CD18C /* Resources */,
			);
			buildRules = (
			);
			dependencies = (
			);
			name = "iMessageTest MessagesExtension";
			productName = "iMessageTest MessagesExtension";
			productReference = 0B52137421458154002CD18C /* iMessageTest MessagesExtension.appex */;
			productType = "com.apple.product-type.app-extension.messages";
		};
/* End PBXNativeTarget section */

/* Begin PBXProject section */
		0B52136421458151002CD18C /* Project object */ = {
			isa = PBXProject;
			attributes = {
				LastSwiftUpdateCheck = 0940;
				LastUpgradeCheck = 0940;
				ORGANIZATIONNAME = "Petre Vane";
				TargetAttributes = {
					0B52136921458152002CD18C = {
						CreatedOnToolsVersion = 9.4.1;
					};
					0B52137321458154002CD18C = {
						CreatedOnToolsVersion = 9.4.1;
					};
				};
			};
			buildConfigurationList = 0B52136721458151002CD18C /* Build configuration list for PBXProject "iMessageTest" */;
			compatibilityVersion = "Xcode 9.3";
			developmentRegion = en;
			hasScannedForEncodings = 0;
			knownRegions = (
				en,
				Base,
			);
			mainGroup = 0B52136321458151002CD18C;
			productRefGroup = 0B52136B21458152002CD18C /* Products */;
			projectDirPath = "";
			projectRoot = "";
			targets = (
				0B52136921458152002CD18C /* iMessageTest */,
				0B52137321458154002CD18C /* iMessageTest MessagesExtension */,
			);
		};
/* End PBXProject section */

/* Begin PBXResourcesBuildPhase section */
		0B52136821458152002CD18C /* Resources */ = {
			isa = PBXResourcesBuildPhase;
			buildActionMask = 2147483647;
			files = (
				0B52136E21458154002CD18C /* Assets.xcassets in Resources */,
			);
			runOnlyForDeploymentPostprocessing = 0;
		};
		0B52137221458154002CD18C /* Resources */ = {
			isa = PBXResourcesBuildPhase;
			buildActionMask = 2147483647;
			files = (
				0B52138221458155002CD18C /* Assets.xcassets in Resources */,
				0B52138021458154002CD18C /* MainInterface.storyboard in Resources */,
			);
			runOnlyForDeploymentPostprocessing = 0;
		};
/* End PBXResourcesBuildPhase section */

/* Begin PBXSourcesBuildPhase section */
		0B52137021458154002CD18C /* Sources */ = {
			isa = PBXSourcesBuildPhase;
			buildActionMask = 2147483647;
			files = (
				0B52137D21458154002CD18C /* MessagesViewController.swift in Sources */,
			);
			runOnlyForDeploymentPostprocessing = 0;
		};
/* End PBXSourcesBuildPhase section */

/* Begin PBXTargetDependency section */
		0B52137721458154002CD18C /* PBXTargetDependency */ = {
			isa = PBXTargetDependency;
			target = 0B52137321458154002CD18C /* iMessageTest MessagesExtension */;
			targetProxy = 0B52137621458154002CD18C /* PBXContainerItemProxy */;
		};
/* End PBXTargetDependency section */

/* Begin PBXVariantGroup section */
		0B52137E21458154002CD18C /* MainInterface.storyboard */ = {
			isa = PBXVariantGroup;
			children = (
				0B52137F21458154002CD18C /* Base */,
			);
			name = MainInterface.storyboard;
			sourceTree = "<group>";
		};
/* End PBXVariantGroup section */

/* Begin XCBuildConfiguration section */
		0B52138421458155002CD18C /* Debug */ = {
			isa = XCBuildConfiguration;
			buildSettings = {
				ALWAYS_SEARCH_USER_PATHS = NO;
				CLANG_ANALYZER_NONNULL = YES;
				CLANG_ANALYZER_NUMBER_OBJECT_CONVERSION = YES_AGGRESSIVE;
				CLANG_CXX_LANGUAGE_STANDARD = "gnu++14";
				CLANG_CXX_LIBRARY = "libc++";
				CLANG_ENABLE_MODULES = YES;
				CLANG_ENABLE_OBJC_ARC = YES;
				CLANG_ENABLE_OBJC_WEAK = YES;
				CLANG_WARN_BLOCK_CAPTURE_AUTORELEASING = YES;
				CLANG_WARN_BOOL_CONVERSION = YES;
				CLANG_WARN_COMMA = YES;
				CLANG_WARN_CONSTANT_CONVERSION = YES;
				CLANG_WARN_DEPRECATED_OBJC_IMPLEMENTATIONS = YES;
				CLANG_WARN_DIRECT_OBJC_ISA_USAGE = YES_ERROR;
				CLANG_WARN_DOCUMENTATION_COMMENTS = YES;
				CLANG_WARN_EMPTY_BODY = YES;
				CLANG_WARN_ENUM_CONVERSION = YES;
				CLANG_WARN_INFINITE_RECURSION = YES;
				CLANG_WARN_INT_CONVERSION = YES;
				CLANG_WARN_NON_LITERAL_NULL_CONVERSION = YES;
				CLANG_WARN_OBJC_IMPLICIT_RETAIN_SELF = YES;
				CLANG_WARN_OBJC_LITERAL_CONVERSION = YES;
				CLANG_WARN_OBJC_ROOT_CLASS = YES_ERROR;
				CLANG_WARN_RANGE_LOOP_ANALYSIS = YES;
				CLANG_WARN_STRICT_PROTOTYPES = YES;
				CLANG_WARN_SUSPICIOUS_MOVE = YES;
				CLANG_WARN_UNGUARDED_AVAILABILITY = YES_AGGRESSIVE;
				CLANG_WARN_UNREACHABLE_CODE = YES;
				CLANG_WARN__DUPLICATE_METHOD_MATCH = YES;
				CODE_SIGN_IDENTITY = "iPhone Developer";
				COPY_PHASE_STRIP = NO;
				DEBUG_INFORMATION_FORMAT = dwarf;
				ENABLE_STRICT_OBJC_MSGSEND = YES;
				ENABLE_TESTABILITY = YES;
				GCC_C_LANGUAGE_STANDARD = gnu11;
				GCC_DYNAMIC_NO_PIC = NO;
				GCC_NO_COMMON_BLOCKS = YES;
				GCC_OPTIMIZATION_LEVEL = 0;
				GCC_PREPROCESSOR_DEFINITIONS = (
					"DEBUG=1",
					"$(inherited)",
				);
				GCC_WARN_64_TO_32_BIT_CONVERSION = YES;
				GCC_WARN_ABOUT_RETURN_TYPE = YES_ERROR;
				GCC_WARN_UNDECLARED_SELECTOR = YES;
				GCC_WARN_UNINITIALIZED_AUTOS = YES_AGGRESSIVE;
				GCC_WARN_UNUSED_FUNCTION = YES;
				GCC_WARN_UNUSED_VARIABLE = YES;
				IPHONEOS_DEPLOYMENT_TARGET = 11.4;
				MTL_ENABLE_DEBUG_INFO = YES;
				ONLY_ACTIVE_ARCH = YES;
				SDKROOT = iphoneos;
				SWIFT_ACTIVE_COMPILATION_CONDITIONS = DEBUG;
				SWIFT_OPTIMIZATION_LEVEL = "-Onone";
			};
			name = Debug;
		};
		0B52138521458155002CD18C /* Release */ = {
			isa = XCBuildConfiguration;
			buildSettings = {
				ALWAYS_SEARCH_USER_PATHS = NO;
				CLANG_ANALYZER_NONNULL = YES;
				CLANG_ANALYZER_NUMBER_OBJECT_CONVERSION = YES_AGGRESSIVE;
				CLANG_CXX_LANGUAGE_STANDARD = "gnu++14";
				CLANG_CXX_LIBRARY = "libc++";
				CLANG_ENABLE_MODULES = YES;
				CLANG_ENABLE_OBJC_ARC = YES;
				CLANG_ENABLE_OBJC_WEAK = YES;
				CLANG_WARN_BLOCK_CAPTURE_AUTORELEASING = YES;
				CLANG_WARN_BOOL_CONVERSION = YES;
				CLANG_WARN_COMMA = YES;
				CLANG_WARN_CONSTANT_CONVERSION = YES;
				CLANG_WARN_DEPRECATED_OBJC_IMPLEMENTATIONS = YES;
				CLANG_WARN_DIRECT_OBJC_ISA_USAGE = YES_ERROR;
				CLANG_WARN_DOCUMENTATION_COMMENTS = YES;
				CLANG_WARN_EMPTY_BODY = YES;
				CLANG_WARN_ENUM_CONVERSION = YES;
				CLANG_WARN_INFINITE_RECURSION = YES;
				CLANG_WARN_INT_CONVERSION = YES;
				CLANG_WARN_NON_LITERAL_NULL_CONVERSION = YES;
				CLANG_WARN_OBJC_IMPLICIT_RETAIN_SELF = YES;
				CLANG_WARN_OBJC_LITERAL_CONVERSION = YES;
				CLANG_WARN_OBJC_ROOT_CLASS = YES_ERROR;
				CLANG_WARN_RANGE_LOOP_ANALYSIS = YES;
				CLANG_WARN_STRICT_PROTOTYPES = YES;
				CLANG_WARN_SUSPICIOUS_MOVE = YES;
				CLANG_WARN_UNGUARDED_AVAILABILITY = YES_AGGRESSIVE;
				CLANG_WARN_UNREACHABLE_CODE = YES;
				CLANG_WARN__DUPLICATE_METHOD_MATCH = YES;
				CODE_SIGN_IDENTITY = "iPhone Developer";
				COPY_PHASE_STRIP = NO;
				DEBUG_INFORMATION_FORMAT = "dwarf-with-dsym";
				ENABLE_NS_ASSERTIONS = NO;
				ENABLE_STRICT_OBJC_MSGSEND = YES;
				GCC_C_LANGUAGE_STANDARD = gnu11;
				GCC_NO_COMMON_BLOCKS = YES;
				GCC_WARN_64_TO_32_BIT_CONVERSION = YES;
				GCC_WARN_ABOUT_RETURN_TYPE = YES_ERROR;
				GCC_WARN_UNDECLARED_SELECTOR = YES;
				GCC_WARN_UNINITIALIZED_AUTOS = YES_AGGRESSIVE;
				GCC_WARN_UNUSED_FUNCTION = YES;
				GCC_WARN_UNUSED_VARIABLE = YES;
				IPHONEOS_DEPLOYMENT_TARGET = 11.4;
				MTL_ENABLE_DEBUG_INFO = NO;
				SDKROOT = iphoneos;
				SWIFT_COMPILATION_MODE = wholemodule;
				SWIFT_OPTIMIZATION_LEVEL = "-O";
				VALIDATE_PRODUCT = YES;
			};
			name = Release;
		};
		0B52138721458155002CD18C /* Debug */ = {
			isa = XCBuildConfiguration;
			buildSettings = {
				ASSETCATALOG_COMPILER_APPICON_NAME = "iMessage App Icon";
				CODE_SIGN_STYLE = Automatic;
				DEVELOPMENT_TEAM = 9W3WH25P2R;
				INFOPLIST_FILE = "iMessageTest MessagesExtension/Info.plist";
				LD_RUNPATH_SEARCH_PATHS = (
					"$(inherited)",
					"@executable_path/Frameworks",
					"@executable_path/../../Frameworks",
				);
				PRODUCT_BUNDLE_IDENTIFIER = com.OrbSec.iMessageTest.MessagesExtension;
				PRODUCT_NAME = "$(TARGET_NAME)";
				SKIP_INSTALL = YES;
				SWIFT_VERSION = 4.0;
				TARGETED_DEVICE_FAMILY = "1,2";
			};
			name = Debug;
		};
		0B52138821458155002CD18C /* Release */ = {
			isa = XCBuildConfiguration;
			buildSettings = {
				ASSETCATALOG_COMPILER_APPICON_NAME = "iMessage App Icon";
				CODE_SIGN_STYLE = Automatic;
				DEVELOPMENT_TEAM = 9W3WH25P2R;
				INFOPLIST_FILE = "iMessageTest MessagesExtension/Info.plist";
				LD_RUNPATH_SEARCH_PATHS = (
					"$(inherited)",
					"@executable_path/Frameworks",
					"@executable_path/../../Frameworks",
				);
				PRODUCT_BUNDLE_IDENTIFIER = com.OrbSec.iMessageTest.MessagesExtension;
				PRODUCT_NAME = "$(TARGET_NAME)";
				SKIP_INSTALL = YES;
				SWIFT_VERSION = 4.0;
				TARGETED_DEVICE_FAMILY = "1,2";
			};
			name = Release;
		};
		0B52138B21458155002CD18C /* Debug */ = {
			isa = XCBuildConfiguration;
			buildSettings = {
				ALWAYS_EMBED_SWIFT_STANDARD_LIBRARIES = YES;
				ASSETCATALOG_COMPILER_APPICON_NAME = AppIcon;
				CODE_SIGN_STYLE = Automatic;
				DEVELOPMENT_TEAM = 9W3WH25P2R;
				INFOPLIST_FILE = iMessageTest/Info.plist;
				PRODUCT_BUNDLE_IDENTIFIER = com.OrbSec.iMessageTest;
				PRODUCT_NAME = "$(TARGET_NAME)";
				SWIFT_VERSION = 4.0;
				TARGETED_DEVICE_FAMILY = "1,2";
			};
			name = Debug;
		};
		0B52138C21458155002CD18C /* Release */ = {
			isa = XCBuildConfiguration;
			buildSettings = {
				ALWAYS_EMBED_SWIFT_STANDARD_LIBRARIES = YES;
				ASSETCATALOG_COMPILER_APPICON_NAME = AppIcon;
				CODE_SIGN_STYLE = Automatic;
				DEVELOPMENT_TEAM = 9W3WH25P2R;
				INFOPLIST_FILE = iMessageTest/Info.plist;
				PRODUCT_BUNDLE_IDENTIFIER = com.OrbSec.iMessageTest;
				PRODUCT_NAME = "$(TARGET_NAME)";
				SWIFT_VERSION = 4.0;
				TARGETED_DEVICE_FAMILY = "1,2";
			};
			name = Release;
		};
/* End XCBuildConfiguration section */

/* Begin XCConfigurationList section */
		0B52136721458151002CD18C /* Build configuration list for PBXProject "iMessageTest" */ = {
			isa = XCConfigurationList;
			buildConfigurations = (
				0B52138421458155002CD18C /* Debug */,
				0B52138521458155002CD18C /* Release */,
			);
			defaultConfigurationIsVisible = 0;
			defaultConfigurationName = Release;
		};
		0B52138621458155002CD18C /* Build configuration list for PBXNativeTarget "iMessageTest MessagesExtension" */ = {
			isa = XCConfigurationList;
			buildConfigurations = (
				0B52138721458155002CD18C /* Debug */,
				0B52138821458155002CD18C /* Release */,
			);
			defaultConfigurationIsVisible = 0;
			defaultConfigurationName = Release;
		};
		0B52138A21458155002CD18C /* Build configuration list for PBXNativeTarget "iMessageTest" */ = {
			isa = XCConfigurationList;
			buildConfigurations = (
				0B52138B21458155002CD18C /* Debug */,
				0B52138C21458155002CD18C /* Release */,
			);
			defaultConfigurationIsVisible = 0;
			defaultConfigurationName = Release;
		};
/* End XCConfigurationList section */
	};
	rootObject = 0B52136421458151002CD18C /* Project object */;
}
